
Microsoft Visual Studio Solution File, Format Version 12.00
# Visual Studio 14
VisualStudioVersion = 14.0.23107.0
MinimumVisualStudioVersion = 10.0.40219.1
Project("{FAE04EC0-301F-11D3-BF4B-00C04F79EFBC}") = "Escuela", "Escuela\Escuela.csproj", "{7D826F84-55FB-4DCB-9577-2287A7A76D01}"
EndProject
Project("{FAE04EC0-301F-11D3-BF4B-00C04F79EFBC}") = "Escuela_DAL", "Escuela_DAL\Escuela_DAL.csproj", "{591CFF6B-9B27-4CC6-81A0-85D335ABA030}"
EndProject
Project("{FAE04EC0-301F-11D3-BF4B-00C04F79EFBC}") = "Escuela_BLL", "Escuela_BLL\Escuela_BLL.csproj", "{20BF8BCF-7B2E-47D3-A8CE-6C25E7180533}"
EndProject
Global
	GlobalSection(SolutionConfigurationPlatforms) = preSolution
		Debug|Any CPU = Debug|Any CPU
		Release|Any CPU = Release|Any CPU
	EndGlobalSection
	GlobalSection(ProjectConfigurationPlatforms) = postSolution
		{7D826F84-55FB-4DCB-9577-2287A7A76D01}.Debug|Any CPU.ActiveCfg = Debug|Any CPU
		{7D826F84-55FB-4DCB-9577-2287A7A76D01}.Debug|Any CPU.Build.0 = Debug|Any CPU
		{7D826F84-55FB-4DCB-9577-2287A7A76D01}.Release|Any CPU.ActiveCfg = Release|Any CPU
		{7D826F84-55FB-4DCB-9577-2287A7A76D01}.Release|Any CPU.Build.0 = Release|Any CPU
		{591CFF6B-9B27-4CC6-81A0-85D335ABA030}.Debug|Any CPU.ActiveCfg = Debug|Any CPU
		{591CFF6B-9B27-4CC6-81A0-85D335ABA030}.Debug|Any CPU.Build.0 = Debug|Any CPU
		{591CFF6B-9B27-4CC6-81A0-85D335ABA030}.Release|Any CPU.ActiveCfg = Release|Any CPU
		{591CFF6B-9B27-4CC6-81A0-85D335ABA030}.Release|Any CPU.Build.0 = Release|Any CPU
		{20BF8BCF-7B2E-47D3-A8CE-6C25E7180533}.Debug|Any CPU.ActiveCfg = Debug|Any CPU
		{20BF8BCF-7B2E-47D3-A8CE-6C25E7180533}.Debug|Any CPU.Build.0 = Debug|Any CPU
		{20BF8BCF-7B2E-47D3-A8CE-6C25E7180533}.Release|Any CPU.ActiveCfg = Release|Any CPU
		{20BF8BCF-7B2E-47D3-A8CE-6C25E7180533}.Release|Any CPU.Build.0 = Release|Any CPU
	EndGlobalSection
	GlobalSection(SolutionProperties) = preSolution
		HideSolutionNode = FALSE
	EndGlobalSection
	GlobalSection(ExtensibilityGlobals) = postSolution
		SolutionGuid = {D844C0A2-B2A9-483D-BA2C-3744A2E4D2A7}
	EndGlobalSection
EndGlobal
